
Microsoft Visual Studio Solution File, Format Version 12.00
# Visual Studio Version 16
VisualStudioVersion = 16.0.29613.14
MinimumVisualStudioVersion = 10.0.40219.1
Project("{FAE04EC0-301F-11D3-BF4B-00C04F79EFBC}") = "GuitarChordProgressions", "GuitarChordProgressions\GuitarChordProgressions.csproj", "{49133F1F-E32A-4772-B68D-188E1642213E}"
EndProject
Global
	GlobalSection(SolutionConfigurationPlatforms) = preSolution
		Debug|Any CPU = Debug|Any CPU
		Release|Any CPU = Release|Any CPU
	EndGlobalSection
	GlobalSection(ProjectConfigurationPlatforms) = postSolution
		{49133F1F-E32A-4772-B68D-188E1642213E}.Debug|Any CPU.ActiveCfg = Debug|Any CPU
		{49133F1F-E32A-4772-B68D-188E1642213E}.Debug|Any CPU.Build.0 = Debug|Any CPU
		{49133F1F-E32A-4772-B68D-188E1642213E}.Release|Any CPU.ActiveCfg = Release|Any CPU
		{49133F1F-E32A-4772-B68D-188E1642213E}.Release|Any CPU.Build.0 = Release|Any CPU
	EndGlobalSection
	GlobalSection(SolutionProperties) = preSolution
		HideSolutionNode = FALSE
	EndGlobalSection
	GlobalSection(ExtensibilityGlobals) = postSolution
		SolutionGuid = {75A7B2F4-091F-4E6F-92AC-D8A3024A35CE}
	EndGlobalSection
EndGlobal
